
Microsoft Visual Studio Solution File, Format Version 12.00
# Visual Studio Version 17
VisualStudioVersion = 17.13.35825.156
MinimumVisualStudioVersion = 10.0.40219.1
Project("{FAE04EC0-301F-11D3-BF4B-00C04F79EFBC}") = "AYFA GROUP ASSIGNMENT", "practise coding\AYFA GROUP ASSIGNMENT.csproj", "{1D0081EB-769E-426B-AB2A-703A51E52F92}"
EndProject
Project("{2150E333-8FDC-42A3-9474-1A3956D46DE8}") = "Solution Items", "Solution Items", "{8EC462FD-D22E-90A8-E5CE-7E832BA40C5D}"
	ProjectSection(SolutionItems) = preProject
		StyleSheet1.css = StyleSheet1.css
	EndProjectSection
EndProject
Global
	GlobalSection(SolutionConfigurationPlatforms) = preSolution
		Debug|Any CPU = Debug|Any CPU
		Release|Any CPU = Release|Any CPU
	EndGlobalSection
	GlobalSection(ProjectConfigurationPlatforms) = postSolution
		{1D0081EB-769E-426B-AB2A-703A51E52F92}.Debug|Any CPU.ActiveCfg = Debug|Any CPU
		{1D0081EB-769E-426B-AB2A-703A51E52F92}.Debug|Any CPU.Build.0 = Debug|Any CPU
		{1D0081EB-769E-426B-AB2A-703A51E52F92}.Release|Any CPU.ActiveCfg = Release|Any CPU
		{1D0081EB-769E-426B-AB2A-703A51E52F92}.Release|Any CPU.Build.0 = Release|Any CPU
	EndGlobalSection
	GlobalSection(SolutionProperties) = preSolution
		HideSolutionNode = FALSE
	EndGlobalSection
	GlobalSection(ExtensibilityGlobals) = postSolution
		SolutionGuid = {A39553C8-1A6A-447D-8FB4-D9E955365A38}
	EndGlobalSection
EndGlobal
